// !$*UTF8*$!
{
	archiveVersion = 1;
	classes = {
	};
	objectVersion = 51;
	objects = {

/* Begin PBXBuildFile section */
		ACE04A91248EF14F00AD2FC9 /* Assets.xcassets in Resources */ = {isa = PBXBuildFile; fileRef = ACE04A90248EF14F00AD2FC9 /* Assets.xcassets */; };
		ACE04A94248EF14F00AD2FC9 /* LaunchScreen.storyboard in Resources */ = {isa = PBXBuildFile; fileRef = ACE04A92248EF14F00AD2FC9 /* LaunchScreen.storyboard */; };
		ACE04AC0248EF1B000AD2FC9 /* Commons.swift in Sources */ = {isa = PBXBuildFile; fileRef = ACE04A9C248EF1B000AD2FC9 /* Commons.swift */; };
		ACE04ACF248EF1B000AD2FC9 /* AppDelegate.swift in Sources */ = {isa = PBXBuildFile; fileRef = ACE04AB0248EF1B000AD2FC9 /* AppDelegate.swift */; };
		ACE04AD0248EF1B000AD2FC9 /* CustomPicker.swift in Sources */ = {isa = PBXBuildFile; fileRef = ACE04AB1248EF1B000AD2FC9 /* CustomPicker.swift */; };
		ACE04AD3248EF1B000AD2FC9 /* ViewController.swift in Sources */ = {isa = PBXBuildFile; fileRef = ACE04AB5248EF1B000AD2FC9 /* ViewController.swift */; };
		ACE04AD4248EF1B000AD2FC9 /* Extensions.swift in Sources */ = {isa = PBXBuildFile; fileRef = ACE04AB6248EF1B000AD2FC9 /* Extensions.swift */; };
		ACE04AD5248EF1B000AD2FC9 /* data.plist in Resources */ = {isa = PBXBuildFile; fileRef = ACE04AB7248EF1B000AD2FC9 /* data.plist */; };
		ACE04AD6248EF1B000AD2FC9 /* NewsCell.swift in Sources */ = {isa = PBXBuildFile; fileRef = ACE04AB9248EF1B000AD2FC9 /* NewsCell.swift */; };
		ACE04AD7248EF1B000AD2FC9 /* NewsModel.swift in Sources */ = {isa = PBXBuildFile; fileRef = ACE04ABA248EF1B000AD2FC9 /* NewsModel.swift */; };
		ACE04AD8248EF1B000AD2FC9 /* NewsProfileCell.swift in Sources */ = {isa = PBXBuildFile; fileRef = ACE04ABB248EF1B000AD2FC9 /* NewsProfileCell.swift */; };
		ACE04AD9248EF1B000AD2FC9 /* FlipboardCell.swift in Sources */ = {isa = PBXBuildFile; fileRef = ACE04ABC248EF1B000AD2FC9 /* FlipboardCell.swift */; };
		ACE04ADA248EF1B100AD2FC9 /* ImageDownloader.swift in Sources */ = {isa = PBXBuildFile; fileRef = ACE04ABD248EF1B000AD2FC9 /* ImageDownloader.swift */; };
		ACE04ADB248EF1B100AD2FC9 /* NewsVC.swift in Sources */ = {isa = PBXBuildFile; fileRef = ACE04ABE248EF1B000AD2FC9 /* NewsVC.swift */; };
		ACE04ADC248EF1B100AD2FC9 /* SceneDelegate.swift in Sources */ = {isa = PBXBuildFile; fileRef = ACE04ABF248EF1B000AD2FC9 /* SceneDelegate.swift */; };
		ACE04ADE248EF1BD00AD2FC9 /* Main.storyboard in Resources */ = {isa = PBXBuildFile; fileRef = ACE04ADD248EF1BD00AD2FC9 /* Main.storyboard */; };
		ACE04AE0248EF71F00AD2FC9 /* AddCaseVC.swift in Sources */ = {isa = PBXBuildFile; fileRef = ACE04ADF248EF71F00AD2FC9 /* AddCaseVC.swift */; };
		ACE04AE6248EFFDC00AD2FC9 /* PhotoCaptureDelegate.swift in Sources */ = {isa = PBXBuildFile; fileRef = ACE04AE2248EFFDC00AD2FC9 /* PhotoCaptureDelegate.swift */; };
		ACE04AE7248EFFDC00AD2FC9 /* CameraViewController.swift in Sources */ = {isa = PBXBuildFile; fileRef = ACE04AE3248EFFDC00AD2FC9 /* CameraViewController.swift */; };
		ACE04AE8248EFFDC00AD2FC9 /* PreviewView.swift in Sources */ = {isa = PBXBuildFile; fileRef = ACE04AE4248EFFDC00AD2FC9 /* PreviewView.swift */; };
		ACE04AE9248EFFDC00AD2FC9 /* ItemSelectionViewController.swift in Sources */ = {isa = PBXBuildFile; fileRef = ACE04AE5248EFFDC00AD2FC9 /* ItemSelectionViewController.swift */; };
		ACE04AEB248F0B2300AD2FC9 /* Post.swift in Sources */ = {isa = PBXBuildFile; fileRef = ACE04AEA248F0B2300AD2FC9 /* Post.swift */; };
		ACE04AEE248F165D00AD2FC9 /* MockData.swift in Sources */ = {isa = PBXBuildFile; fileRef = ACE04AED248F165D00AD2FC9 /* MockData.swift */; };
		DD73EA4287A005CA1515C7A3 /* Pods_StopPoliceBrutality.framework in Frameworks */ = {isa = PBXBuildFile; fileRef = 419AFCC9A6B196FBABA23554 /* Pods_StopPoliceBrutality.framework */; };
/* End PBXBuildFile section */

/* Begin PBXFileReference section */
		419AFCC9A6B196FBABA23554 /* Pods_StopPoliceBrutality.framework */ = {isa = PBXFileReference; explicitFileType = wrapper.framework; includeInIndex = 0; path = Pods_StopPoliceBrutality.framework; sourceTree = BUILT_PRODUCTS_DIR; };
		8DE26FD7BA5C4F1C8F0B97DC /* Pods-StopPoliceBrutality.debug.xcconfig */ = {isa = PBXFileReference; includeInIndex = 1; lastKnownFileType = text.xcconfig; name = "Pods-StopPoliceBrutality.debug.xcconfig"; path = "Target Support Files/Pods-StopPoliceBrutality/Pods-StopPoliceBrutality.debug.xcconfig"; sourceTree = "<group>"; };
		ACE04A84248EF14D00AD2FC9 /* StopPoliceBrutality.app */ = {isa = PBXFileReference; explicitFileType = wrapper.application; includeInIndex = 0; path = StopPoliceBrutality.app; sourceTree = BUILT_PRODUCTS_DIR; };
		ACE04A90248EF14F00AD2FC9 /* Assets.xcassets */ = {isa = PBXFileReference; lastKnownFileType = folder.assetcatalog; path = Assets.xcassets; sourceTree = "<group>"; };
		ACE04A93248EF14F00AD2FC9 /* Base */ = {isa = PBXFileReference; lastKnownFileType = file.storyboard; name = Base; path = Base.lproj/LaunchScreen.storyboard; sourceTree = "<group>"; };
		ACE04A95248EF14F00AD2FC9 /* Info.plist */ = {isa = PBXFileReference; lastKnownFileType = text.plist.xml; path = Info.plist; sourceTree = "<group>"; };
		ACE04A9B248EF1B000AD2FC9 /* StopPoliceBrutality-Bridging-Header.h */ = {isa = PBXFileReference; lastKnownFileType = sourcecode.c.h; path = "StopPoliceBrutality-Bridging-Header.h"; sourceTree = "<group>"; };
		ACE04A9C248EF1B000AD2FC9 /* Commons.swift */ = {isa = PBXFileReference; fileEncoding = 4; lastKnownFileType = sourcecode.swift; path = Commons.swift; sourceTree = "<group>"; };
		ACE04AB0248EF1B000AD2FC9 /* AppDelegate.swift */ = {isa = PBXFileReference; fileEncoding = 4; lastKnownFileType = sourcecode.swift; path = AppDelegate.swift; sourceTree = "<group>"; };
		ACE04AB1248EF1B000AD2FC9 /* CustomPicker.swift */ = {isa = PBXFileReference; fileEncoding = 4; lastKnownFileType = sourcecode.swift; path = CustomPicker.swift; sourceTree = "<group>"; };
		ACE04AB5248EF1B000AD2FC9 /* ViewController.swift */ = {isa = PBXFileReference; fileEncoding = 4; lastKnownFileType = sourcecode.swift; path = ViewController.swift; sourceTree = "<group>"; };
		ACE04AB6248EF1B000AD2FC9 /* Extensions.swift */ = {isa = PBXFileReference; fileEncoding = 4; lastKnownFileType = sourcecode.swift; path = Extensions.swift; sourceTree = "<group>"; };
		ACE04AB7248EF1B000AD2FC9 /* data.plist */ = {isa = PBXFileReference; fileEncoding = 4; lastKnownFileType = text.plist.xml; path = data.plist; sourceTree = "<group>"; };
		ACE04AB9248EF1B000AD2FC9 /* NewsCell.swift */ = {isa = PBXFileReference; fileEncoding = 4; lastKnownFileType = sourcecode.swift; path = NewsCell.swift; sourceTree = "<group>"; };
		ACE04ABA248EF1B000AD2FC9 /* NewsModel.swift */ = {isa = PBXFileReference; fileEncoding = 4; lastKnownFileType = sourcecode.swift; path = NewsModel.swift; sourceTree = "<group>"; };
		ACE04ABB248EF1B000AD2FC9 /* NewsProfileCell.swift */ = {isa = PBXFileReference; fileEncoding = 4; lastKnownFileType = sourcecode.swift; path = NewsProfileCell.swift; sourceTree = "<group>"; };
		ACE04ABC248EF1B000AD2FC9 /* FlipboardCell.swift */ = {isa = PBXFileReference; fileEncoding = 4; lastKnownFileType = sourcecode.swift; path = FlipboardCell.swift; sourceTree = "<group>"; };
		ACE04ABD248EF1B000AD2FC9 /* ImageDownloader.swift */ = {isa = PBXFileReference; fileEncoding = 4; lastKnownFileType = sourcecode.swift; path = ImageDownloader.swift; sourceTree = "<group>"; };
		ACE04ABE248EF1B000AD2FC9 /* NewsVC.swift */ = {isa = PBXFileReference; fileEncoding = 4; lastKnownFileType = sourcecode.swift; path = NewsVC.swift; sourceTree = "<group>"; };
		ACE04ABF248EF1B000AD2FC9 /* SceneDelegate.swift */ = {isa = PBXFileReference; fileEncoding = 4; lastKnownFileType = sourcecode.swift; path = SceneDelegate.swift; sourceTree = "<group>"; };
		ACE04ADD248EF1BD00AD2FC9 /* Main.storyboard */ = {isa = PBXFileReference; fileEncoding = 4; lastKnownFileType = file.storyboard; path = Main.storyboard; sourceTree = "<group>"; };
		ACE04ADF248EF71F00AD2FC9 /* AddCaseVC.swift */ = {isa = PBXFileReference; lastKnownFileType = sourcecode.swift; path = AddCaseVC.swift; sourceTree = "<group>"; };
		ACE04AE2248EFFDC00AD2FC9 /* PhotoCaptureDelegate.swift */ = {isa = PBXFileReference; fileEncoding = 4; lastKnownFileType = sourcecode.swift; path = PhotoCaptureDelegate.swift; sourceTree = "<group>"; };
		ACE04AE3248EFFDC00AD2FC9 /* CameraViewController.swift */ = {isa = PBXFileReference; fileEncoding = 4; lastKnownFileType = sourcecode.swift; path = CameraViewController.swift; sourceTree = "<group>"; };
		ACE04AE4248EFFDC00AD2FC9 /* PreviewView.swift */ = {isa = PBXFileReference; fileEncoding = 4; lastKnownFileType = sourcecode.swift; path = PreviewView.swift; sourceTree = "<group>"; };
		ACE04AE5248EFFDC00AD2FC9 /* ItemSelectionViewController.swift */ = {isa = PBXFileReference; fileEncoding = 4; lastKnownFileType = sourcecode.swift; path = ItemSelectionViewController.swift; sourceTree = "<group>"; };
		ACE04AEA248F0B2300AD2FC9 /* Post.swift */ = {isa = PBXFileReference; lastKnownFileType = sourcecode.swift; path = Post.swift; sourceTree = "<group>"; };
		ACE04AED248F165D00AD2FC9 /* MockData.swift */ = {isa = PBXFileReference; lastKnownFileType = sourcecode.swift; path = MockData.swift; sourceTree = "<group>"; };
		F96B237C85C3D2FA7FF14591 /* Pods-StopPoliceBrutality.release.xcconfig */ = {isa = PBXFileReference; includeInIndex = 1; lastKnownFileType = text.xcconfig; name = "Pods-StopPoliceBrutality.release.xcconfig"; path = "Target Support Files/Pods-StopPoliceBrutality/Pods-StopPoliceBrutality.release.xcconfig"; sourceTree = "<group>"; };
/* End PBXFileReference section */

/* Begin PBXFrameworksBuildPhase section */
		ACE04A81248EF14D00AD2FC9 /* Frameworks */ = {
			isa = PBXFrameworksBuildPhase;
			buildActionMask = 2147483647;
			files = (
				DD73EA4287A005CA1515C7A3 /* Pods_StopPoliceBrutality.framework in Frameworks */,
			);
			runOnlyForDeploymentPostprocessing = 0;
		};
/* End PBXFrameworksBuildPhase section */

/* Begin PBXGroup section */
		232C7E4B2C421AC0F1ED315A /* Frameworks */ = {
			isa = PBXGroup;
			children = (
				419AFCC9A6B196FBABA23554 /* Pods_StopPoliceBrutality.framework */,
			);
			name = Frameworks;
			sourceTree = "<group>";
		};
		5E339A471BFF8EBFB797F33F /* Pods */ = {
			isa = PBXGroup;
			children = (
				8DE26FD7BA5C4F1C8F0B97DC /* Pods-StopPoliceBrutality.debug.xcconfig */,
				F96B237C85C3D2FA7FF14591 /* Pods-StopPoliceBrutality.release.xcconfig */,
			);
			path = Pods;
			sourceTree = "<group>";
		};
		ACE04A7B248EF14D00AD2FC9 = {
			isa = PBXGroup;
			children = (
				ACE04A86248EF14D00AD2FC9 /* StopPoliceBrutality */,
				ACE04A85248EF14D00AD2FC9 /* Products */,
				5E339A471BFF8EBFB797F33F /* Pods */,
				232C7E4B2C421AC0F1ED315A /* Frameworks */,
			);
			sourceTree = "<group>";
		};
		ACE04A85248EF14D00AD2FC9 /* Products */ = {
			isa = PBXGroup;
			children = (
				ACE04A84248EF14D00AD2FC9 /* StopPoliceBrutality.app */,
			);
			name = Products;
			sourceTree = "<group>";
		};
		ACE04A86248EF14D00AD2FC9 /* StopPoliceBrutality */ = {
			isa = PBXGroup;
			children = (
				ACE04AB0248EF1B000AD2FC9 /* AppDelegate.swift */,
				ACE04ABF248EF1B000AD2FC9 /* SceneDelegate.swift */,
				ACE04A9C248EF1B000AD2FC9 /* Commons.swift */,
				ACE04AEA248F0B2300AD2FC9 /* Post.swift */,
				ACE04AB5248EF1B000AD2FC9 /* ViewController.swift */,
				ACE04ADF248EF71F00AD2FC9 /* AddCaseVC.swift */,
				ACE04AB1248EF1B000AD2FC9 /* CustomPicker.swift */,
				ACE04AB6248EF1B000AD2FC9 /* Extensions.swift */,
				ACE04AE1248EFFC600AD2FC9 /* Camera */,
				ACE04AB8248EF1B000AD2FC9 /* News */,
				ACE04AEC248F163100AD2FC9 /* Supporting Files */,
				ACE04ADD248EF1BD00AD2FC9 /* Main.storyboard */,
				ACE04A90248EF14F00AD2FC9 /* Assets.xcassets */,
				ACE04A92248EF14F00AD2FC9 /* LaunchScreen.storyboard */,
				ACE04A95248EF14F00AD2FC9 /* Info.plist */,
				ACE04A9B248EF1B000AD2FC9 /* StopPoliceBrutality-Bridging-Header.h */,
			);
			path = StopPoliceBrutality;
			sourceTree = "<group>";
		};
		ACE04AB8248EF1B000AD2FC9 /* News */ = {
			isa = PBXGroup;
			children = (
				ACE04AB9248EF1B000AD2FC9 /* NewsCell.swift */,
				ACE04ABA248EF1B000AD2FC9 /* NewsModel.swift */,
				ACE04ABB248EF1B000AD2FC9 /* NewsProfileCell.swift */,
				ACE04ABC248EF1B000AD2FC9 /* FlipboardCell.swift */,
				ACE04ABD248EF1B000AD2FC9 /* ImageDownloader.swift */,
				ACE04ABE248EF1B000AD2FC9 /* NewsVC.swift */,
			);
			path = News;
			sourceTree = "<group>";
		};
		ACE04AE1248EFFC600AD2FC9 /* Camera */ = {
			isa = PBXGroup;
			children = (
				ACE04AE3248EFFDC00AD2FC9 /* CameraViewController.swift */,
				ACE04AE5248EFFDC00AD2FC9 /* ItemSelectionViewController.swift */,
				ACE04AE2248EFFDC00AD2FC9 /* PhotoCaptureDelegate.swift */,
				ACE04AE4248EFFDC00AD2FC9 /* PreviewView.swift */,
			);
			path = Camera;
			sourceTree = "<group>";
		};
		ACE04AEC248F163100AD2FC9 /* Supporting Files */ = {
			isa = PBXGroup;
			children = (
				ACE04AB7248EF1B000AD2FC9 /* data.plist */,
				ACE04AED248F165D00AD2FC9 /* MockData.swift */,
			);
			path = "Supporting Files";
			sourceTree = "<group>";
		};
/* End PBXGroup section */

/* Begin PBXNativeTarget section */
		ACE04A83248EF14D00AD2FC9 /* StopPoliceBrutality */ = {
			isa = PBXNativeTarget;
			buildConfigurationList = ACE04A98248EF14F00AD2FC9 /* Build configuration list for PBXNativeTarget "StopPoliceBrutality" */;
			buildPhases = (
				EE1F0ED1CF7BA30A23884C9B /* [CP] Check Pods Manifest.lock */,
				ACE04A80248EF14D00AD2FC9 /* Sources */,
				ACE04A81248EF14D00AD2FC9 /* Frameworks */,
				ACE04A82248EF14D00AD2FC9 /* Resources */,
				704759F80844DE0C757CDCF2 /* [CP] Embed Pods Frameworks */,
			);
			buildRules = (
			);
			dependencies = (
			);
			name = StopPoliceBrutality;
			productName = StopPoliceBrutality;
			productReference = ACE04A84248EF14D00AD2FC9 /* StopPoliceBrutality.app */;
			productType = "com.apple.product-type.application";
		};
/* End PBXNativeTarget section */

/* Begin PBXProject section */
		ACE04A7C248EF14D00AD2FC9 /* Project object */ = {
			isa = PBXProject;
			attributes = {
				LastSwiftUpdateCheck = 1150;
				LastUpgradeCheck = 1150;
				ORGANIZATIONNAME = "Artem Evdokimov";
				TargetAttributes = {
					ACE04A83248EF14D00AD2FC9 = {
						CreatedOnToolsVersion = 11.5;
						LastSwiftMigration = 1150;
					};
				};
			};
			buildConfigurationList = ACE04A7F248EF14D00AD2FC9 /* Build configuration list for PBXProject "StopPoliceBrutality" */;
			compatibilityVersion = "Xcode 9.3";
			developmentRegion = en;
			hasScannedForEncodings = 0;
			knownRegions = (
				en,
				Base,
			);
			mainGroup = ACE04A7B248EF14D00AD2FC9;
			productRefGroup = ACE04A85248EF14D00AD2FC9 /* Products */;
			projectDirPath = "";
			projectRoot = "";
			targets = (
				ACE04A83248EF14D00AD2FC9 /* StopPoliceBrutality */,
			);
		};
/* End PBXProject section */

/* Begin PBXResourcesBuildPhase section */
		ACE04A82248EF14D00AD2FC9 /* Resources */ = {
			isa = PBXResourcesBuildPhase;
			buildActionMask = 2147483647;
			files = (
				ACE04A94248EF14F00AD2FC9 /* LaunchScreen.storyboard in Resources */,
				ACE04A91248EF14F00AD2FC9 /* Assets.xcassets in Resources */,
				ACE04AD5248EF1B000AD2FC9 /* data.plist in Resources */,
				ACE04ADE248EF1BD00AD2FC9 /* Main.storyboard in Resources */,
			);
			runOnlyForDeploymentPostprocessing = 0;
		};
/* End PBXResourcesBuildPhase section */

/* Begin PBXShellScriptBuildPhase section */
		704759F80844DE0C757CDCF2 /* [CP] Embed Pods Frameworks */ = {
			isa = PBXShellScriptBuildPhase;
			buildActionMask = 2147483647;
			files = (
			);
			inputFileListPaths = (
				"${PODS_ROOT}/Target Support Files/Pods-StopPoliceBrutality/Pods-StopPoliceBrutality-frameworks-${CONFIGURATION}-input-files.xcfilelist",
			);
			name = "[CP] Embed Pods Frameworks";
			outputFileListPaths = (
				"${PODS_ROOT}/Target Support Files/Pods-StopPoliceBrutality/Pods-StopPoliceBrutality-frameworks-${CONFIGURATION}-output-files.xcfilelist",
			);
			runOnlyForDeploymentPostprocessing = 0;
			shellPath = /bin/sh;
			shellScript = "\"${PODS_ROOT}/Target Support Files/Pods-StopPoliceBrutality/Pods-StopPoliceBrutality-frameworks.sh\"\n";
			showEnvVarsInLog = 0;
		};
		EE1F0ED1CF7BA30A23884C9B /* [CP] Check Pods Manifest.lock */ = {
			isa = PBXShellScriptBuildPhase;
			buildActionMask = 2147483647;
			files = (
			);
			inputFileListPaths = (
			);
			inputPaths = (
				"${PODS_PODFILE_DIR_PATH}/Podfile.lock",
				"${PODS_ROOT}/Manifest.lock",
			);
			name = "[CP] Check Pods Manifest.lock";
			outputFileListPaths = (
			);
			outputPaths = (
				"$(DERIVED_FILE_DIR)/Pods-StopPoliceBrutality-checkManifestLockResult.txt",
			);
			runOnlyForDeploymentPostprocessing = 0;
			shellPath = /bin/sh;
			shellScript = "diff \"${PODS_PODFILE_DIR_PATH}/Podfile.lock\" \"${PODS_ROOT}/Manifest.lock\" > /dev/null\nif [ $? != 0 ] ; then\n    # print error to STDERR\n    echo \"error: The sandbox is not in sync with the Podfile.lock. Run 'pod install' or update your CocoaPods installation.\" >&2\n    exit 1\nfi\n# This output is used by Xcode 'outputs' to avoid re-running this script phase.\necho \"SUCCESS\" > \"${SCRIPT_OUTPUT_FILE_0}\"\n";
			showEnvVarsInLog = 0;
		};
/* End PBXShellScriptBuildPhase section */

/* Begin PBXSourcesBuildPhase section */
		ACE04A80248EF14D00AD2FC9 /* Sources */ = {
			isa = PBXSourcesBuildPhase;
			buildActionMask = 2147483647;
			files = (
				ACE04AD7248EF1B000AD2FC9 /* NewsModel.swift in Sources */,
				ACE04ADA248EF1B100AD2FC9 /* ImageDownloader.swift in Sources */,
				ACE04AD0248EF1B000AD2FC9 /* CustomPicker.swift in Sources */,
				ACE04AD8248EF1B000AD2FC9 /* NewsProfileCell.swift in Sources */,
				ACE04ADB248EF1B100AD2FC9 /* NewsVC.swift in Sources */,
				ACE04AC0248EF1B000AD2FC9 /* Commons.swift in Sources */,
				ACE04AD6248EF1B000AD2FC9 /* NewsCell.swift in Sources */,
				ACE04ADC248EF1B100AD2FC9 /* SceneDelegate.swift in Sources */,
				ACE04AEE248F165D00AD2FC9 /* MockData.swift in Sources */,
				ACE04AD9248EF1B000AD2FC9 /* FlipboardCell.swift in Sources */,
				ACE04AE8248EFFDC00AD2FC9 /* PreviewView.swift in Sources */,
				ACE04AE0248EF71F00AD2FC9 /* AddCaseVC.swift in Sources */,
				ACE04AD3248EF1B000AD2FC9 /* ViewController.swift in Sources */,
				ACE04AE7248EFFDC00AD2FC9 /* CameraViewController.swift in Sources */,
				ACE04ACF248EF1B000AD2FC9 /* AppDelegate.swift in Sources */,
				ACE04AE6248EFFDC00AD2FC9 /* PhotoCaptureDelegate.swift in Sources */,
				ACE04AEB248F0B2300AD2FC9 /* Post.swift in Sources */,
				ACE04AE9248EFFDC00AD2FC9 /* ItemSelectionViewController.swift in Sources */,
				ACE04AD4248EF1B000AD2FC9 /* Extensions.swift in Sources */,
			);
			runOnlyForDeploymentPostprocessing = 0;
		};
/* End PBXSourcesBuildPhase section */

/* Begin PBXVariantGroup section */
		ACE04A92248EF14F00AD2FC9 /* LaunchScreen.storyboard */ = {
			isa = PBXVariantGroup;
			children = (
				ACE04A93248EF14F00AD2FC9 /* Base */,
			);
			name = LaunchScreen.storyboard;
			sourceTree = "<group>";
		};
/* End PBXVariantGroup section */

/* Begin XCBuildConfiguration section */
		ACE04A96248EF14F00AD2FC9 /* Debug */ = {
			isa = XCBuildConfiguration;
			buildSettings = {
				ALWAYS_SEARCH_USER_PATHS = NO;
				CLANG_ANALYZER_NONNULL = YES;
				CLANG_ANALYZER_NUMBER_OBJECT_CONVERSION = YES_AGGRESSIVE;
				CLANG_CXX_LANGUAGE_STANDARD = "gnu++14";
				CLANG_CXX_LIBRARY = "libc++";
				CLANG_ENABLE_MODULES = YES;
				CLANG_ENABLE_OBJC_ARC = YES;
				CLANG_ENABLE_OBJC_WEAK = YES;
				CLANG_WARN_BLOCK_CAPTURE_AUTORELEASING = YES;
				CLANG_WARN_BOOL_CONVERSION = YES;
				CLANG_WARN_COMMA = YES;
				CLANG_WARN_CONSTANT_CONVERSION = YES;
				CLANG_WARN_DEPRECATED_OBJC_IMPLEMENTATIONS = YES;
				CLANG_WARN_DIRECT_OBJC_ISA_USAGE = YES_ERROR;
				CLANG_WARN_DOCUMENTATION_COMMENTS = YES;
				CLANG_WARN_EMPTY_BODY = YES;
				CLANG_WARN_ENUM_CONVERSION = YES;
				CLANG_WARN_INFINITE_RECURSION = YES;
				CLANG_WARN_INT_CONVERSION = YES;
				CLANG_WARN_NON_LITERAL_NULL_CONVERSION = YES;
				CLANG_WARN_OBJC_IMPLICIT_RETAIN_SELF = YES;
				CLANG_WARN_OBJC_LITERAL_CONVERSION = YES;
				CLANG_WARN_OBJC_ROOT_CLASS = YES_ERROR;
				CLANG_WARN_RANGE_LOOP_ANALYSIS = YES;
				CLANG_WARN_STRICT_PROTOTYPES = YES;
				CLANG_WARN_SUSPICIOUS_MOVE = YES;
				CLANG_WARN_UNGUARDED_AVAILABILITY = YES_AGGRESSIVE;
				CLANG_WARN_UNREACHABLE_CODE = YES;
				CLANG_WARN__DUPLICATE_METHOD_MATCH = YES;
				COPY_PHASE_STRIP = NO;
				DEBUG_INFORMATION_FORMAT = dwarf;
				ENABLE_STRICT_OBJC_MSGSEND = YES;
				ENABLE_TESTABILITY = YES;
				GCC_C_LANGUAGE_STANDARD = gnu11;
				GCC_DYNAMIC_NO_PIC = NO;
				GCC_NO_COMMON_BLOCKS = YES;
				GCC_OPTIMIZATION_LEVEL = 0;
				GCC_PREPROCESSOR_DEFINITIONS = (
					"DEBUG=1",
					"$(inherited)",
				);
				GCC_WARN_64_TO_32_BIT_CONVERSION = YES;
				GCC_WARN_ABOUT_RETURN_TYPE = YES_ERROR;
				GCC_WARN_UNDECLARED_SELECTOR = YES;
				GCC_WARN_UNINITIALIZED_AUTOS = YES_AGGRESSIVE;
				GCC_WARN_UNUSED_FUNCTION = YES;
				GCC_WARN_UNUSED_VARIABLE = YES;
				IPHONEOS_DEPLOYMENT_TARGET = 13.5;
				MTL_ENABLE_DEBUG_INFO = INCLUDE_SOURCE;
				MTL_FAST_MATH = YES;
				ONLY_ACTIVE_ARCH = YES;
				SDKROOT = iphoneos;
				SWIFT_ACTIVE_COMPILATION_CONDITIONS = DEBUG;
				SWIFT_OPTIMIZATION_LEVEL = "-Onone";
			};
			name = Debug;
		};
		ACE04A97248EF14F00AD2FC9 /* Release */ = {
			isa = XCBuildConfiguration;
			buildSettings = {
				ALWAYS_SEARCH_USER_PATHS = NO;
				CLANG_ANALYZER_NONNULL = YES;
				CLANG_ANALYZER_NUMBER_OBJECT_CONVERSION = YES_AGGRESSIVE;
				CLANG_CXX_LANGUAGE_STANDARD = "gnu++14";
				CLANG_CXX_LIBRARY = "libc++";
				CLANG_ENABLE_MODULES = YES;
				CLANG_ENABLE_OBJC_ARC = YES;
				CLANG_ENABLE_OBJC_WEAK = YES;
				CLANG_WARN_BLOCK_CAPTURE_AUTORELEASING = YES;
				CLANG_WARN_BOOL_CONVERSION = YES;
				CLANG_WARN_COMMA = YES;
				CLANG_WARN_CONSTANT_CONVERSION = YES;
				CLANG_WARN_DEPRECATED_OBJC_IMPLEMENTATIONS = YES;
				CLANG_WARN_DIRECT_OBJC_ISA_USAGE = YES_ERROR;
				CLANG_WARN_DOCUMENTATION_COMMENTS = YES;
				CLANG_WARN_EMPTY_BODY = YES;
				CLANG_WARN_ENUM_CONVERSION = YES;
				CLANG_WARN_INFINITE_RECURSION = YES;
				CLANG_WARN_INT_CONVERSION = YES;
				CLANG_WARN_NON_LITERAL_NULL_CONVERSION = YES;
				CLANG_WARN_OBJC_IMPLICIT_RETAIN_SELF = YES;
				CLANG_WARN_OBJC_LITERAL_CONVERSION = YES;
				CLANG_WARN_OBJC_ROOT_CLASS = YES_ERROR;
				CLANG_WARN_RANGE_LOOP_ANALYSIS = YES;
				CLANG_WARN_STRICT_PROTOTYPES = YES;
				CLANG_WARN_SUSPICIOUS_MOVE = YES;
				CLANG_WARN_UNGUARDED_AVAILABILITY = YES_AGGRESSIVE;
				CLANG_WARN_UNREACHABLE_CODE = YES;
				CLANG_WARN__DUPLICATE_METHOD_MATCH = YES;
				COPY_PHASE_STRIP = NO;
				DEBUG_INFORMATION_FORMAT = "dwarf-with-dsym";
				ENABLE_NS_ASSERTIONS = NO;
				ENABLE_STRICT_OBJC_MSGSEND = YES;
				GCC_C_LANGUAGE_STANDARD = gnu11;
				GCC_NO_COMMON_BLOCKS = YES;
				GCC_WARN_64_TO_32_BIT_CONVERSION = YES;
				GCC_WARN_ABOUT_RETURN_TYPE = YES_ERROR;
				GCC_WARN_UNDECLARED_SELECTOR = YES;
				GCC_WARN_UNINITIALIZED_AUTOS = YES_AGGRESSIVE;
				GCC_WARN_UNUSED_FUNCTION = YES;
				GCC_WARN_UNUSED_VARIABLE = YES;
				IPHONEOS_DEPLOYMENT_TARGET = 13.5;
				MTL_ENABLE_DEBUG_INFO = NO;
				MTL_FAST_MATH = YES;
				SDKROOT = iphoneos;
				SWIFT_COMPILATION_MODE = wholemodule;
				SWIFT_OPTIMIZATION_LEVEL = "-O";
				VALIDATE_PRODUCT = YES;
			};
			name = Release;
		};
		ACE04A99248EF14F00AD2FC9 /* Debug */ = {
			isa = XCBuildConfiguration;
			baseConfigurationReference = 8DE26FD7BA5C4F1C8F0B97DC /* Pods-StopPoliceBrutality.debug.xcconfig */;
			buildSettings = {
				ASSETCATALOG_COMPILER_APPICON_NAME = AppIcon;
				CLANG_ENABLE_MODULES = YES;
				CODE_SIGN_STYLE = Automatic;
				DEVELOPMENT_TEAM = 2DC3L9V65W;
				INFOPLIST_FILE = StopPoliceBrutality/Info.plist;
				LD_RUNPATH_SEARCH_PATHS = (
					"$(inherited)",
					"@executable_path/Frameworks",
				);
				PRODUCT_BUNDLE_IDENTIFIER = com.StopPoliceBrutality.StopPoliceBrutality;
				PRODUCT_NAME = "$(TARGET_NAME)";
				SWIFT_OBJC_BRIDGING_HEADER = "StopPoliceBrutality/StopPoliceBrutality-Bridging-Header.h";
				SWIFT_OPTIMIZATION_LEVEL = "-Onone";
				SWIFT_VERSION = 5.0;
				TARGETED_DEVICE_FAMILY = "1,2";
			};
			name = Debug;
		};
		ACE04A9A248EF14F00AD2FC9 /* Release */ = {
			isa = XCBuildConfiguration;
			baseConfigurationReference = F96B237C85C3D2FA7FF14591 /* Pods-StopPoliceBrutality.release.xcconfig */;
			buildSettings = {
				ASSETCATALOG_COMPILER_APPICON_NAME = AppIcon;
				CLANG_ENABLE_MODULES = YES;
				CODE_SIGN_STYLE = Automatic;
				DEVELOPMENT_TEAM = 2DC3L9V65W;
				INFOPLIST_FILE = StopPoliceBrutality/Info.plist;
				LD_RUNPATH_SEARCH_PATHS = (
					"$(inherited)",
					"@executable_path/Frameworks",
				);
				PRODUCT_BUNDLE_IDENTIFIER = com.StopPoliceBrutality.StopPoliceBrutality;
				PRODUCT_NAME = "$(TARGET_NAME)";
				SWIFT_OBJC_BRIDGING_HEADER = "StopPoliceBrutality/StopPoliceBrutality-Bridging-Header.h";
				SWIFT_VERSION = 5.0;
				TARGETED_DEVICE_FAMILY = "1,2";
			};
			name = Release;
		};
/* End XCBuildConfiguration section */

/* Begin XCConfigurationList section */
		ACE04A7F248EF14D00AD2FC9 /* Build configuration list for PBXProject "StopPoliceBrutality" */ = {
			isa = XCConfigurationList;
			buildConfigurations = (
				ACE04A96248EF14F00AD2FC9 /* Debug */,
				ACE04A97248EF14F00AD2FC9 /* Release */,
			);
			defaultConfigurationIsVisible = 0;
			defaultConfigurationName = Release;
		};
		ACE04A98248EF14F00AD2FC9 /* Build configuration list for PBXNativeTarget "StopPoliceBrutality" */ = {
			isa = XCConfigurationList;
			buildConfigurations = (
				ACE04A99248EF14F00AD2FC9 /* Debug */,
				ACE04A9A248EF14F00AD2FC9 /* Release */,
			);
			defaultConfigurationIsVisible = 0;
			defaultConfigurationName = Release;
		};
/* End XCConfigurationList section */
	};
	rootObject = ACE04A7C248EF14D00AD2FC9 /* Project object */;
}
